
Microsoft Visual Studio Solution File, Format Version 12.00
# Visual Studio Version 16
VisualStudioVersion = 16.0.29215.179
MinimumVisualStudioVersion = 10.0.40219.1
Project("{FAE04EC0-301F-11D3-BF4B-00C04F79EFBC}") = "Waiterly", "Waiterly\Waiterly.csproj", "{46DD0E07-9E50-46F4-81E0-7359E5E594B7}"
EndProject
Global
	GlobalSection(SolutionConfigurationPlatforms) = preSolution
		Debug|Any CPU = Debug|Any CPU
		Release|Any CPU = Release|Any CPU
	EndGlobalSection
	GlobalSection(ProjectConfigurationPlatforms) = postSolution
		{46DD0E07-9E50-46F4-81E0-7359E5E594B7}.Debug|Any CPU.ActiveCfg = Debug|Any CPU
		{46DD0E07-9E50-46F4-81E0-7359E5E594B7}.Debug|Any CPU.Build.0 = Debug|Any CPU
		{46DD0E07-9E50-46F4-81E0-7359E5E594B7}.Release|Any CPU.ActiveCfg = Release|Any CPU
		{46DD0E07-9E50-46F4-81E0-7359E5E594B7}.Release|Any CPU.Build.0 = Release|Any CPU
	EndGlobalSection
	GlobalSection(SolutionProperties) = preSolution
		HideSolutionNode = FALSE
	EndGlobalSection
	GlobalSection(ExtensibilityGlobals) = postSolution
		SolutionGuid = {1909A2E9-5920-4BB2-85DC-42DC2C96BCE3}
	EndGlobalSection
EndGlobal
